
Microsoft Visual Studio Solution File, Format Version 12.00
# Visual Studio Version 17
VisualStudioVersion = 17.14.36705.20
MinimumVisualStudioVersion = 10.0.40219.1
Project("{FAE04EC0-301F-11D3-BF4B-00C04F79EFBC}") = "GNAcoordinateExporter", "GNAcoordinateExporter.csproj", "{782877EE-2E52-4800-984D-078CB013D89E}"
EndProject
Project("{FAE04EC0-301F-11D3-BF4B-00C04F79EFBC}") = "gnaDataClasses", "..\..\gnaDataClasses\gnaDataClasses\gnaDataClasses.csproj", "{05AA28DB-2C4E-4290-B61A-B50DCE9B0E63}"
EndProject
Project("{FAE04EC0-301F-11D3-BF4B-00C04F79EFBC}") = "GNA_CommercialLicenseValidator", "..\..\GNA_CommercialLicenseValidator\GNA_CommercialLicenseValidator\GNA_CommercialLicenseValidator.csproj", "{4B540D55-9292-7A0F-3AC4-332E844E1928}"
EndProject
Project("{FAE04EC0-301F-11D3-BF4B-00C04F79EFBC}") = "GNAtools", "..\..\GNAtools\GNAtools\GNAtools.csproj", "{07CDB07A-52BF-5CFC-A6C6-210F2078ADFB}"
EndProject
Project("{FAE04EC0-301F-11D3-BF4B-00C04F79EFBC}") = "T4Dlibrary", "..\..\T4Dlibrary\T4Dlibrary\T4Dlibrary.csproj", "{4766B335-77FB-FE9D-5D14-4E0569A1EF42}"
EndProject
Project("{FAE04EC0-301F-11D3-BF4B-00C04F79EFBC}") = "databaseAPI", "..\..\DBapi\databaseAPI\databaseAPI.csproj", "{145959CE-5E95-1C50-1681-BC8B0B972EBA}"
EndProject
Global
	GlobalSection(SolutionConfigurationPlatforms) = preSolution
		Debug|Any CPU = Debug|Any CPU
		Release|Any CPU = Release|Any CPU
	EndGlobalSection
	GlobalSection(ProjectConfigurationPlatforms) = postSolution
		{782877EE-2E52-4800-984D-078CB013D89E}.Debug|Any CPU.ActiveCfg = Debug|Any CPU
		{782877EE-2E52-4800-984D-078CB013D89E}.Debug|Any CPU.Build.0 = Debug|Any CPU
		{782877EE-2E52-4800-984D-078CB013D89E}.Release|Any CPU.ActiveCfg = Release|Any CPU
		{782877EE-2E52-4800-984D-078CB013D89E}.Release|Any CPU.Build.0 = Release|Any CPU
		{05AA28DB-2C4E-4290-B61A-B50DCE9B0E63}.Debug|Any CPU.ActiveCfg = Debug|Any CPU
		{05AA28DB-2C4E-4290-B61A-B50DCE9B0E63}.Debug|Any CPU.Build.0 = Debug|Any CPU
		{05AA28DB-2C4E-4290-B61A-B50DCE9B0E63}.Release|Any CPU.ActiveCfg = Release|Any CPU
		{05AA28DB-2C4E-4290-B61A-B50DCE9B0E63}.Release|Any CPU.Build.0 = Release|Any CPU
		{4B540D55-9292-7A0F-3AC4-332E844E1928}.Debug|Any CPU.ActiveCfg = Debug|Any CPU
		{4B540D55-9292-7A0F-3AC4-332E844E1928}.Debug|Any CPU.Build.0 = Debug|Any CPU
		{4B540D55-9292-7A0F-3AC4-332E844E1928}.Release|Any CPU.ActiveCfg = Release|Any CPU
		{4B540D55-9292-7A0F-3AC4-332E844E1928}.Release|Any CPU.Build.0 = Release|Any CPU
		{07CDB07A-52BF-5CFC-A6C6-210F2078ADFB}.Debug|Any CPU.ActiveCfg = Debug|Any CPU
		{07CDB07A-52BF-5CFC-A6C6-210F2078ADFB}.Debug|Any CPU.Build.0 = Debug|Any CPU
		{07CDB07A-52BF-5CFC-A6C6-210F2078ADFB}.Release|Any CPU.ActiveCfg = Release|Any CPU
		{07CDB07A-52BF-5CFC-A6C6-210F2078ADFB}.Release|Any CPU.Build.0 = Release|Any CPU
		{4766B335-77FB-FE9D-5D14-4E0569A1EF42}.Debug|Any CPU.ActiveCfg = Debug|Any CPU
		{4766B335-77FB-FE9D-5D14-4E0569A1EF42}.Debug|Any CPU.Build.0 = Debug|Any CPU
		{4766B335-77FB-FE9D-5D14-4E0569A1EF42}.Release|Any CPU.ActiveCfg = Release|Any CPU
		{4766B335-77FB-FE9D-5D14-4E0569A1EF42}.Release|Any CPU.Build.0 = Release|Any CPU
		{145959CE-5E95-1C50-1681-BC8B0B972EBA}.Debug|Any CPU.ActiveCfg = Debug|Any CPU
		{145959CE-5E95-1C50-1681-BC8B0B972EBA}.Debug|Any CPU.Build.0 = Debug|Any CPU
		{145959CE-5E95-1C50-1681-BC8B0B972EBA}.Release|Any CPU.ActiveCfg = Release|Any CPU
		{145959CE-5E95-1C50-1681-BC8B0B972EBA}.Release|Any CPU.Build.0 = Release|Any CPU
	EndGlobalSection
	GlobalSection(SolutionProperties) = preSolution
		HideSolutionNode = FALSE
	EndGlobalSection
	GlobalSection(ExtensibilityGlobals) = postSolution
		SolutionGuid = {8FB40C8B-317C-4EF0-A8D8-F19B10AF57A5}
	EndGlobalSection
EndGlobal
